{
  "nodes": {
    "cedar": {
      "inputs": {
        "nixpkgs": "nixpkgs"
      },
      "locked": {
        "lastModified": 1764815715,
        "narHash": "sha256-ypo7CEtaKchFwkuz2bzpedJBaGXeOQEwZ6M08dJ5wQw=",
        "owner": "ptdewey",
        "repo": "cedar",
        "rev": "199c4a898b0241c2b768a7620a9ddf8df5c962f1",
        "type": "github"
      },
      "original": {
        "owner": "ptdewey",
        "repo": "cedar",
        "type": "github"
      }
    },
    "nixpkgs": {
      "locked": {
        "lastModified": 1763934636,
        "narHash": "sha256-9glbI7f1uU+yzQCq5LwLgdZqx6svOhZWkd4JRY265fc=",
        "owner": "NixOS",
        "repo": "nixpkgs",
        "rev": "ee09932cedcef15aaf476f9343d1dea2cb77e261",
        "type": "github"
      },
      "original": {
        "id": "nixpkgs",
        "ref": "nixpkgs-unstable",
        "type": "indirect"
      }
    },
    "nixpkgs_2": {
      "locked": {
        "lastModified": 1765644376,
        "narHash": "sha256-yqHBL2wYGwjGL2GUF2w3tofWl8qO9tZEuI4wSqbCrtE=",
        "owner": "NixOS",
        "repo": "nixpkgs",
        "rev": "23735a82a828372c4ef92c660864e82fbe2f5fbe",
        "type": "github"
      },
      "original": {
        "id": "nixpkgs",
        "ref": "nixpkgs-unstable",
        "type": "indirect"
      }
    },
    "root": {
      "inputs": {
        "cedar": "cedar",
        "nixpkgs": "nixpkgs_2"
      }
    }
  },
  "root": "root",
  "version": 7
}
